
Microsoft Visual Studio Solution File, Format Version 12.00
# Visual Studio Version 17
VisualStudioVersion = 17.3.32929.385
MinimumVisualStudioVersion = 10.0.40219.1
Project("{FAE04EC0-301F-11D3-BF4B-00C04F79EFBC}") = "VAICOM", "VAICOM\VAICOM.csproj", "{AF6CE74F-FE22-4BB4-81CC-53363A59E703}"
EndProject
Project("{FAE04EC0-301F-11D3-BF4B-00C04F79EFBC}") = "ThemePack", "ChatterThemepack\ThemePack.csproj", "{98D43BAE-1089-47EB-A7CF-70E2A1787A9B}"
EndProject
Project("{FAE04EC0-301F-11D3-BF4B-00C04F79EFBC}") = "RIO", "RIO\RIO.csproj", "{EFA2BADB-FF9E-4ACB-B272-BD4B7CC13199}"
EndProject
Project("{FAE04EC0-301F-11D3-BF4B-00C04F79EFBC}") = "VAICOM_App", "VA_watchdog\VAICOM_App.csproj", "{1F03A050-0B98-4A25-A090-92355445CA48}"
EndProject
Project("{54435603-DBB4-11D2-8724-00A0C9A8B90C}") = "VAICOM_Installer", "VAICOM_Installer\VAICOM_Installer.vdproj", "{C040815E-C198-43BF-BB2B-AD05B526EBF8}"
EndProject
Global
	GlobalSection(SolutionConfigurationPlatforms) = preSolution
		Debug|Any CPU = Debug|Any CPU
		Debug|x64 = Debug|x64
		Release 3.5 Client|Any CPU = Release 3.5 Client|Any CPU
		Release 3.5 Client|x64 = Release 3.5 Client|x64
		Release 4|Any CPU = Release 4|Any CPU
		Release 4|x64 = Release 4|x64
		Release|Any CPU = Release|Any CPU
		Release|x64 = Release|x64
	EndGlobalSection
	GlobalSection(ProjectConfigurationPlatforms) = postSolution
		{AF6CE74F-FE22-4BB4-81CC-53363A59E703}.Debug|Any CPU.ActiveCfg = Release|Any CPU
		{AF6CE74F-FE22-4BB4-81CC-53363A59E703}.Debug|Any CPU.Build.0 = Release|Any CPU
		{AF6CE74F-FE22-4BB4-81CC-53363A59E703}.Debug|x64.ActiveCfg = Debug|Any CPU
		{AF6CE74F-FE22-4BB4-81CC-53363A59E703}.Debug|x64.Build.0 = Debug|Any CPU
		{AF6CE74F-FE22-4BB4-81CC-53363A59E703}.Release 3.5 Client|Any CPU.ActiveCfg = Release|Any CPU
		{AF6CE74F-FE22-4BB4-81CC-53363A59E703}.Release 3.5 Client|Any CPU.Build.0 = Release|Any CPU
		{AF6CE74F-FE22-4BB4-81CC-53363A59E703}.Release 3.5 Client|x64.ActiveCfg = Release|x64
		{AF6CE74F-FE22-4BB4-81CC-53363A59E703}.Release 3.5 Client|x64.Build.0 = Release|x64
		{AF6CE74F-FE22-4BB4-81CC-53363A59E703}.Release 4|Any CPU.ActiveCfg = Release|Any CPU
		{AF6CE74F-FE22-4BB4-81CC-53363A59E703}.Release 4|Any CPU.Build.0 = Release|Any CPU
		{AF6CE74F-FE22-4BB4-81CC-53363A59E703}.Release 4|x64.ActiveCfg = Release|x64
		{AF6CE74F-FE22-4BB4-81CC-53363A59E703}.Release 4|x64.Build.0 = Release|x64
		{AF6CE74F-FE22-4BB4-81CC-53363A59E703}.Release|Any CPU.ActiveCfg = Release|Any CPU
		{AF6CE74F-FE22-4BB4-81CC-53363A59E703}.Release|Any CPU.Build.0 = Release|Any CPU
		{AF6CE74F-FE22-4BB4-81CC-53363A59E703}.Release|x64.ActiveCfg = Release|x64
		{AF6CE74F-FE22-4BB4-81CC-53363A59E703}.Release|x64.Build.0 = Release|x64
		{98D43BAE-1089-47EB-A7CF-70E2A1787A9B}.Debug|Any CPU.ActiveCfg = Release|Any CPU
		{98D43BAE-1089-47EB-A7CF-70E2A1787A9B}.Debug|Any CPU.Build.0 = Release|Any CPU
		{98D43BAE-1089-47EB-A7CF-70E2A1787A9B}.Debug|x64.ActiveCfg = Debug|Any CPU
		{98D43BAE-1089-47EB-A7CF-70E2A1787A9B}.Debug|x64.Build.0 = Debug|Any CPU
		{98D43BAE-1089-47EB-A7CF-70E2A1787A9B}.Release 3.5 Client|Any CPU.ActiveCfg = Release|Any CPU
		{98D43BAE-1089-47EB-A7CF-70E2A1787A9B}.Release 3.5 Client|Any CPU.Build.0 = Release|Any CPU
		{98D43BAE-1089-47EB-A7CF-70E2A1787A9B}.Release 3.5 Client|x64.ActiveCfg = Release|x64
		{98D43BAE-1089-47EB-A7CF-70E2A1787A9B}.Release 3.5 Client|x64.Build.0 = Release|x64
		{98D43BAE-1089-47EB-A7CF-70E2A1787A9B}.Release 4|Any CPU.ActiveCfg = Release|Any CPU
		{98D43BAE-1089-47EB-A7CF-70E2A1787A9B}.Release 4|Any CPU.Build.0 = Release|Any CPU
		{98D43BAE-1089-47EB-A7CF-70E2A1787A9B}.Release 4|x64.ActiveCfg = Release|x64
		{98D43BAE-1089-47EB-A7CF-70E2A1787A9B}.Release 4|x64.Build.0 = Release|x64
		{98D43BAE-1089-47EB-A7CF-70E2A1787A9B}.Release|Any CPU.ActiveCfg = Release|Any CPU
		{98D43BAE-1089-47EB-A7CF-70E2A1787A9B}.Release|Any CPU.Build.0 = Release|Any CPU
		{98D43BAE-1089-47EB-A7CF-70E2A1787A9B}.Release|x64.ActiveCfg = Release|x64
		{98D43BAE-1089-47EB-A7CF-70E2A1787A9B}.Release|x64.Build.0 = Release|x64
		{EFA2BADB-FF9E-4ACB-B272-BD4B7CC13199}.Debug|Any CPU.ActiveCfg = Release|Any CPU
		{EFA2BADB-FF9E-4ACB-B272-BD4B7CC13199}.Debug|Any CPU.Build.0 = Release|Any CPU
		{EFA2BADB-FF9E-4ACB-B272-BD4B7CC13199}.Debug|x64.ActiveCfg = Debug|Any CPU
		{EFA2BADB-FF9E-4ACB-B272-BD4B7CC13199}.Debug|x64.Build.0 = Debug|Any CPU
		{EFA2BADB-FF9E-4ACB-B272-BD4B7CC13199}.Release 3.5 Client|Any CPU.ActiveCfg = Release|Any CPU
		{EFA2BADB-FF9E-4ACB-B272-BD4B7CC13199}.Release 3.5 Client|Any CPU.Build.0 = Release|Any CPU
		{EFA2BADB-FF9E-4ACB-B272-BD4B7CC13199}.Release 3.5 Client|x64.ActiveCfg = Release|x64
		{EFA2BADB-FF9E-4ACB-B272-BD4B7CC13199}.Release 3.5 Client|x64.Build.0 = Release|x64
		{EFA2BADB-FF9E-4ACB-B272-BD4B7CC13199}.Release 4|Any CPU.ActiveCfg = Release|Any CPU
		{EFA2BADB-FF9E-4ACB-B272-BD4B7CC13199}.Release 4|Any CPU.Build.0 = Release|Any CPU
		{EFA2BADB-FF9E-4ACB-B272-BD4B7CC13199}.Release 4|x64.ActiveCfg = Release|x64
		{EFA2BADB-FF9E-4ACB-B272-BD4B7CC13199}.Release 4|x64.Build.0 = Release|x64
		{EFA2BADB-FF9E-4ACB-B272-BD4B7CC13199}.Release|Any CPU.ActiveCfg = Release|Any CPU
		{EFA2BADB-FF9E-4ACB-B272-BD4B7CC13199}.Release|Any CPU.Build.0 = Release|Any CPU
		{EFA2BADB-FF9E-4ACB-B272-BD4B7CC13199}.Release|x64.ActiveCfg = Release|x64
		{EFA2BADB-FF9E-4ACB-B272-BD4B7CC13199}.Release|x64.Build.0 = Release|x64
		{1F03A050-0B98-4A25-A090-92355445CA48}.Debug|Any CPU.ActiveCfg = Release|Any CPU
		{1F03A050-0B98-4A25-A090-92355445CA48}.Debug|Any CPU.Build.0 = Release|Any CPU
		{1F03A050-0B98-4A25-A090-92355445CA48}.Debug|x64.ActiveCfg = Debug|Any CPU
		{1F03A050-0B98-4A25-A090-92355445CA48}.Debug|x64.Build.0 = Debug|Any CPU
		{1F03A050-0B98-4A25-A090-92355445CA48}.Release 3.5 Client|Any CPU.ActiveCfg = Release|Any CPU
		{1F03A050-0B98-4A25-A090-92355445CA48}.Release 3.5 Client|Any CPU.Build.0 = Release|Any CPU
		{1F03A050-0B98-4A25-A090-92355445CA48}.Release 3.5 Client|x64.ActiveCfg = Release|Any CPU
		{1F03A050-0B98-4A25-A090-92355445CA48}.Release 3.5 Client|x64.Build.0 = Release|Any CPU
		{1F03A050-0B98-4A25-A090-92355445CA48}.Release 4|Any CPU.ActiveCfg = Release|Any CPU
		{1F03A050-0B98-4A25-A090-92355445CA48}.Release 4|Any CPU.Build.0 = Release|Any CPU
		{1F03A050-0B98-4A25-A090-92355445CA48}.Release 4|x64.ActiveCfg = Release|Any CPU
		{1F03A050-0B98-4A25-A090-92355445CA48}.Release 4|x64.Build.0 = Release|Any CPU
		{1F03A050-0B98-4A25-A090-92355445CA48}.Release|Any CPU.ActiveCfg = Release|Any CPU
		{1F03A050-0B98-4A25-A090-92355445CA48}.Release|Any CPU.Build.0 = Release|Any CPU
		{1F03A050-0B98-4A25-A090-92355445CA48}.Release|x64.ActiveCfg = Release|Any CPU
		{1F03A050-0B98-4A25-A090-92355445CA48}.Release|x64.Build.0 = Release|Any CPU
		{C040815E-C198-43BF-BB2B-AD05B526EBF8}.Debug|Any CPU.ActiveCfg = Release
		{C040815E-C198-43BF-BB2B-AD05B526EBF8}.Debug|x64.ActiveCfg = Debug
		{C040815E-C198-43BF-BB2B-AD05B526EBF8}.Release 3.5 Client|Any CPU.ActiveCfg = Release
		{C040815E-C198-43BF-BB2B-AD05B526EBF8}.Release 3.5 Client|x64.ActiveCfg = Release
		{C040815E-C198-43BF-BB2B-AD05B526EBF8}.Release 4|Any CPU.ActiveCfg = Release
		{C040815E-C198-43BF-BB2B-AD05B526EBF8}.Release 4|x64.ActiveCfg = Release
		{C040815E-C198-43BF-BB2B-AD05B526EBF8}.Release|Any CPU.ActiveCfg = Release
		{C040815E-C198-43BF-BB2B-AD05B526EBF8}.Release|Any CPU.Build.0 = Release
		{C040815E-C198-43BF-BB2B-AD05B526EBF8}.Release|x64.ActiveCfg = Release
	EndGlobalSection
	GlobalSection(SolutionProperties) = preSolution
		HideSolutionNode = FALSE
	EndGlobalSection
	GlobalSection(ExtensibilityGlobals) = postSolution
		SolutionGuid = {4A43FA70-1442-463A-A764-804EFA1DDF6C}
	EndGlobalSection
EndGlobal
